
Microsoft Visual Studio Solution File, Format Version 12.00
# Visual Studio Version 16
VisualStudioVersion = 16.0.29102.190
MinimumVisualStudioVersion = 10.0.40219.1
Project("{FAE04EC0-301F-11D3-BF4B-00C04F79EFBC}") = "CestaDeFrutas", "CestaDeFrutas\CestaDeFrutas.csproj", "{FBB6F3D0-1C5E-4F6E-8B2B-F437E0A2BA42}"
EndProject
Global
	GlobalSection(SolutionConfigurationPlatforms) = preSolution
		Debug|Any CPU = Debug|Any CPU
		Release|Any CPU = Release|Any CPU
	EndGlobalSection
	GlobalSection(ProjectConfigurationPlatforms) = postSolution
		{FBB6F3D0-1C5E-4F6E-8B2B-F437E0A2BA42}.Debug|Any CPU.ActiveCfg = Debug|Any CPU
		{FBB6F3D0-1C5E-4F6E-8B2B-F437E0A2BA42}.Debug|Any CPU.Build.0 = Debug|Any CPU
		{FBB6F3D0-1C5E-4F6E-8B2B-F437E0A2BA42}.Release|Any CPU.ActiveCfg = Release|Any CPU
		{FBB6F3D0-1C5E-4F6E-8B2B-F437E0A2BA42}.Release|Any CPU.Build.0 = Release|Any CPU
	EndGlobalSection
	GlobalSection(SolutionProperties) = preSolution
		HideSolutionNode = FALSE
	EndGlobalSection
	GlobalSection(ExtensibilityGlobals) = postSolution
		SolutionGuid = {6451309B-A703-44F2-AEF1-CB5B8ED49CA7}
	EndGlobalSection
EndGlobal
