
Microsoft Visual Studio Solution File, Format Version 12.00
# Visual Studio Version 16
VisualStudioVersion = 16.0.29102.190
MinimumVisualStudioVersion = 10.0.40219.1
Project("{FAE04EC0-301F-11D3-BF4B-00C04F79EFBC}") = "Testando", "Testando\Testando.csproj", "{07680130-6359-44E1-BF66-A5F4EEA482CD}"
EndProject
Global
	GlobalSection(SolutionConfigurationPlatforms) = preSolution
		Debug|Any CPU = Debug|Any CPU
		Release|Any CPU = Release|Any CPU
	EndGlobalSection
	GlobalSection(ProjectConfigurationPlatforms) = postSolution
		{07680130-6359-44E1-BF66-A5F4EEA482CD}.Debug|Any CPU.ActiveCfg = Debug|Any CPU
		{07680130-6359-44E1-BF66-A5F4EEA482CD}.Debug|Any CPU.Build.0 = Debug|Any CPU
		{07680130-6359-44E1-BF66-A5F4EEA482CD}.Release|Any CPU.ActiveCfg = Release|Any CPU
		{07680130-6359-44E1-BF66-A5F4EEA482CD}.Release|Any CPU.Build.0 = Release|Any CPU
	EndGlobalSection
	GlobalSection(SolutionProperties) = preSolution
		HideSolutionNode = FALSE
	EndGlobalSection
	GlobalSection(ExtensibilityGlobals) = postSolution
		SolutionGuid = {9FE3E6F0-FB7B-40A9-BC16-A0B9C2DA5C03}
	EndGlobalSection
EndGlobal
