
Microsoft Visual Studio Solution File, Format Version 12.00
# Visual Studio Version 16
VisualStudioVersion = 16.0.29424.173
MinimumVisualStudioVersion = 10.0.40219.1
Project("{FAE04EC0-301F-11D3-BF4B-00C04F79EFBC}") = "WebApiNetCore", "WebApiNetCore\WebApiNetCore.csproj", "{AF25CBC2-FFE0-46C0-8F59-F65464A21BE9}"
EndProject
Global
	GlobalSection(SolutionConfigurationPlatforms) = preSolution
		Debug|Any CPU = Debug|Any CPU
		Release|Any CPU = Release|Any CPU
	EndGlobalSection
	GlobalSection(ProjectConfigurationPlatforms) = postSolution
		{AF25CBC2-FFE0-46C0-8F59-F65464A21BE9}.Debug|Any CPU.ActiveCfg = Debug|Any CPU
		{AF25CBC2-FFE0-46C0-8F59-F65464A21BE9}.Debug|Any CPU.Build.0 = Debug|Any CPU
		{AF25CBC2-FFE0-46C0-8F59-F65464A21BE9}.Release|Any CPU.ActiveCfg = Release|Any CPU
		{AF25CBC2-FFE0-46C0-8F59-F65464A21BE9}.Release|Any CPU.Build.0 = Release|Any CPU
	EndGlobalSection
	GlobalSection(SolutionProperties) = preSolution
		HideSolutionNode = FALSE
	EndGlobalSection
	GlobalSection(ExtensibilityGlobals) = postSolution
		SolutionGuid = {C064337E-8342-4F86-97C7-3D26466C5B77}
	EndGlobalSection
EndGlobal
