
Microsoft Visual Studio Solution File, Format Version 12.00
# Visual Studio Version 16
VisualStudioVersion = 16.0.29020.237
MinimumVisualStudioVersion = 10.0.40219.1
Project("{FAE04EC0-301F-11D3-BF4B-00C04F79EFBC}") = "WebApplication1", "WebApplication1\WebApplication1.csproj", "{90BADEDF-2EC6-45E2-88E0-BF41534F9038}"
EndProject
Global
	GlobalSection(SolutionConfigurationPlatforms) = preSolution
		Debug|Any CPU = Debug|Any CPU
		Release|Any CPU = Release|Any CPU
	EndGlobalSection
	GlobalSection(ProjectConfigurationPlatforms) = postSolution
		{90BADEDF-2EC6-45E2-88E0-BF41534F9038}.Debug|Any CPU.ActiveCfg = Debug|Any CPU
		{90BADEDF-2EC6-45E2-88E0-BF41534F9038}.Debug|Any CPU.Build.0 = Debug|Any CPU
		{90BADEDF-2EC6-45E2-88E0-BF41534F9038}.Release|Any CPU.ActiveCfg = Release|Any CPU
		{90BADEDF-2EC6-45E2-88E0-BF41534F9038}.Release|Any CPU.Build.0 = Release|Any CPU
	EndGlobalSection
	GlobalSection(SolutionProperties) = preSolution
		HideSolutionNode = FALSE
	EndGlobalSection
	GlobalSection(ExtensibilityGlobals) = postSolution
		SolutionGuid = {560320E5-C745-463C-8EF9-DC72FE5B24FA}
	EndGlobalSection
EndGlobal
