
Microsoft Visual Studio Solution File, Format Version 12.00
# Visual Studio Version 16
VisualStudioVersion = 16.0.29020.237
MinimumVisualStudioVersion = 10.0.40219.1
Project("{FAE04EC0-301F-11D3-BF4B-00C04F79EFBC}") = "WebApplication1", "WebApplication1\WebApplication1.csproj", "{91369A0D-2CE2-4CE1-954E-912BAF09C1A8}"
EndProject
Global
	GlobalSection(SolutionConfigurationPlatforms) = preSolution
		Debug|Any CPU = Debug|Any CPU
		Release|Any CPU = Release|Any CPU
	EndGlobalSection
	GlobalSection(ProjectConfigurationPlatforms) = postSolution
		{91369A0D-2CE2-4CE1-954E-912BAF09C1A8}.Debug|Any CPU.ActiveCfg = Debug|Any CPU
		{91369A0D-2CE2-4CE1-954E-912BAF09C1A8}.Debug|Any CPU.Build.0 = Debug|Any CPU
		{91369A0D-2CE2-4CE1-954E-912BAF09C1A8}.Release|Any CPU.ActiveCfg = Release|Any CPU
		{91369A0D-2CE2-4CE1-954E-912BAF09C1A8}.Release|Any CPU.Build.0 = Release|Any CPU
	EndGlobalSection
	GlobalSection(SolutionProperties) = preSolution
		HideSolutionNode = FALSE
	EndGlobalSection
	GlobalSection(ExtensibilityGlobals) = postSolution
		SolutionGuid = {EF957A81-4204-4EB9-8D4F-7081F167CBB2}
	EndGlobalSection
EndGlobal
