
Microsoft Visual Studio Solution File, Format Version 12.00
# Visual Studio Version 16
VisualStudioVersion = 16.0.29102.190
MinimumVisualStudioVersion = 10.0.40219.1
Project("{FAE04EC0-301F-11D3-BF4B-00C04F79EFBC}") = "EntityDB", "EntityDB\EntityDB.csproj", "{44CAB1A0-6B4C-4D77-8472-7637492D287F}"
EndProject
Project("{FAE04EC0-301F-11D3-BF4B-00C04F79EFBC}") = "ConsoleApp1", "ConsoleApp1\ConsoleApp1.csproj", "{CC633CC1-EEEE-4FA3-8A4F-ABBC8E6F9739}"
EndProject
Global
	GlobalSection(SolutionConfigurationPlatforms) = preSolution
		Debug|Any CPU = Debug|Any CPU
		Release|Any CPU = Release|Any CPU
	EndGlobalSection
	GlobalSection(ProjectConfigurationPlatforms) = postSolution
		{44CAB1A0-6B4C-4D77-8472-7637492D287F}.Debug|Any CPU.ActiveCfg = Debug|Any CPU
		{44CAB1A0-6B4C-4D77-8472-7637492D287F}.Debug|Any CPU.Build.0 = Debug|Any CPU
		{44CAB1A0-6B4C-4D77-8472-7637492D287F}.Release|Any CPU.ActiveCfg = Release|Any CPU
		{44CAB1A0-6B4C-4D77-8472-7637492D287F}.Release|Any CPU.Build.0 = Release|Any CPU
		{CC633CC1-EEEE-4FA3-8A4F-ABBC8E6F9739}.Debug|Any CPU.ActiveCfg = Debug|Any CPU
		{CC633CC1-EEEE-4FA3-8A4F-ABBC8E6F9739}.Debug|Any CPU.Build.0 = Debug|Any CPU
		{CC633CC1-EEEE-4FA3-8A4F-ABBC8E6F9739}.Release|Any CPU.ActiveCfg = Release|Any CPU
		{CC633CC1-EEEE-4FA3-8A4F-ABBC8E6F9739}.Release|Any CPU.Build.0 = Release|Any CPU
	EndGlobalSection
	GlobalSection(SolutionProperties) = preSolution
		HideSolutionNode = FALSE
	EndGlobalSection
	GlobalSection(ExtensibilityGlobals) = postSolution
		SolutionGuid = {CDDF8724-A206-418E-A1B1-523FD6A0E23F}
	EndGlobalSection
EndGlobal
