
Microsoft Visual Studio Solution File, Format Version 12.00
# Visual Studio Version 16
VisualStudioVersion = 16.0.29102.190
MinimumVisualStudioVersion = 10.0.40219.1
Project("{FAE04EC0-301F-11D3-BF4B-00C04F79EFBC}") = "ClassLibrary", "ClassLibrary\ClassLibrary.csproj", "{4581B87E-320B-4249-ACDE-25EB04BD274F}"
EndProject
Project("{FAE04EC0-301F-11D3-BF4B-00C04F79EFBC}") = "ConsoleApp1", "ConsoleApp1\ConsoleApp1.csproj", "{A74718C0-7843-4B0E-92DE-7BFD2C1E0E59}"
EndProject
Global
	GlobalSection(SolutionConfigurationPlatforms) = preSolution
		Debug|Any CPU = Debug|Any CPU
		Release|Any CPU = Release|Any CPU
	EndGlobalSection
	GlobalSection(ProjectConfigurationPlatforms) = postSolution
		{4581B87E-320B-4249-ACDE-25EB04BD274F}.Debug|Any CPU.ActiveCfg = Debug|Any CPU
		{4581B87E-320B-4249-ACDE-25EB04BD274F}.Debug|Any CPU.Build.0 = Debug|Any CPU
		{4581B87E-320B-4249-ACDE-25EB04BD274F}.Release|Any CPU.ActiveCfg = Release|Any CPU
		{4581B87E-320B-4249-ACDE-25EB04BD274F}.Release|Any CPU.Build.0 = Release|Any CPU
		{A74718C0-7843-4B0E-92DE-7BFD2C1E0E59}.Debug|Any CPU.ActiveCfg = Debug|Any CPU
		{A74718C0-7843-4B0E-92DE-7BFD2C1E0E59}.Debug|Any CPU.Build.0 = Debug|Any CPU
		{A74718C0-7843-4B0E-92DE-7BFD2C1E0E59}.Release|Any CPU.ActiveCfg = Release|Any CPU
		{A74718C0-7843-4B0E-92DE-7BFD2C1E0E59}.Release|Any CPU.Build.0 = Release|Any CPU
	EndGlobalSection
	GlobalSection(SolutionProperties) = preSolution
		HideSolutionNode = FALSE
	EndGlobalSection
	GlobalSection(ExtensibilityGlobals) = postSolution
		SolutionGuid = {1E8E210A-B954-479E-A0F9-B085831615E9}
	EndGlobalSection
EndGlobal
