
Microsoft Visual Studio Solution File, Format Version 12.00
# Visual Studio Version 16
VisualStudioVersion = 16.0.29102.190
MinimumVisualStudioVersion = 10.0.40219.1
Project("{FAE04EC0-301F-11D3-BF4B-00C04F79EFBC}") = "SumLink", "SumLink\SumLink.csproj", "{F53361A7-D423-4EB6-9FD9-DDF696E5443A}"
EndProject
Project("{FAE04EC0-301F-11D3-BF4B-00C04F79EFBC}") = "AggregateLinq", "AggregateLinq\AggregateLinq.csproj", "{E1EF7D41-FB7B-4129-B3D4-7B7E99227237}"
EndProject
Project("{FAE04EC0-301F-11D3-BF4B-00C04F79EFBC}") = "Exercicio01", "Exercicio01\Exercicio01.csproj", "{F3283293-21D9-44D4-ADDA-A15B5433FCC9}"
EndProject
Global
	GlobalSection(SolutionConfigurationPlatforms) = preSolution
		Debug|Any CPU = Debug|Any CPU
		Release|Any CPU = Release|Any CPU
	EndGlobalSection
	GlobalSection(ProjectConfigurationPlatforms) = postSolution
		{F53361A7-D423-4EB6-9FD9-DDF696E5443A}.Debug|Any CPU.ActiveCfg = Debug|Any CPU
		{F53361A7-D423-4EB6-9FD9-DDF696E5443A}.Debug|Any CPU.Build.0 = Debug|Any CPU
		{F53361A7-D423-4EB6-9FD9-DDF696E5443A}.Release|Any CPU.ActiveCfg = Release|Any CPU
		{F53361A7-D423-4EB6-9FD9-DDF696E5443A}.Release|Any CPU.Build.0 = Release|Any CPU
		{E1EF7D41-FB7B-4129-B3D4-7B7E99227237}.Debug|Any CPU.ActiveCfg = Debug|Any CPU
		{E1EF7D41-FB7B-4129-B3D4-7B7E99227237}.Debug|Any CPU.Build.0 = Debug|Any CPU
		{E1EF7D41-FB7B-4129-B3D4-7B7E99227237}.Release|Any CPU.ActiveCfg = Release|Any CPU
		{E1EF7D41-FB7B-4129-B3D4-7B7E99227237}.Release|Any CPU.Build.0 = Release|Any CPU
		{F3283293-21D9-44D4-ADDA-A15B5433FCC9}.Debug|Any CPU.ActiveCfg = Debug|Any CPU
		{F3283293-21D9-44D4-ADDA-A15B5433FCC9}.Debug|Any CPU.Build.0 = Debug|Any CPU
		{F3283293-21D9-44D4-ADDA-A15B5433FCC9}.Release|Any CPU.ActiveCfg = Release|Any CPU
		{F3283293-21D9-44D4-ADDA-A15B5433FCC9}.Release|Any CPU.Build.0 = Release|Any CPU
	EndGlobalSection
	GlobalSection(SolutionProperties) = preSolution
		HideSolutionNode = FALSE
	EndGlobalSection
	GlobalSection(ExtensibilityGlobals) = postSolution
		SolutionGuid = {8AF3F01A-A868-48CE-B44A-A67700C0BA6C}
	EndGlobalSection
EndGlobal
