
Microsoft Visual Studio Solution File, Format Version 12.00
# Visual Studio Version 16
VisualStudioVersion = 16.0.29102.190
MinimumVisualStudioVersion = 10.0.40219.1
Project("{FAE04EC0-301F-11D3-BF4B-00C04F79EFBC}") = "EntityClass", "EntityClass\EntityClass.csproj", "{6FE8C16D-A2FA-42B5-9D07-7778F3C5C763}"
EndProject
Project("{FAE04EC0-301F-11D3-BF4B-00C04F79EFBC}") = "ConsoleApp1", "ConsoleApp1\ConsoleApp1.csproj", "{9C2B257F-6564-49C1-A6A8-1CB88CB369D6}"
EndProject
Global
	GlobalSection(SolutionConfigurationPlatforms) = preSolution
		Debug|Any CPU = Debug|Any CPU
		Release|Any CPU = Release|Any CPU
	EndGlobalSection
	GlobalSection(ProjectConfigurationPlatforms) = postSolution
		{6FE8C16D-A2FA-42B5-9D07-7778F3C5C763}.Debug|Any CPU.ActiveCfg = Debug|Any CPU
		{6FE8C16D-A2FA-42B5-9D07-7778F3C5C763}.Debug|Any CPU.Build.0 = Debug|Any CPU
		{6FE8C16D-A2FA-42B5-9D07-7778F3C5C763}.Release|Any CPU.ActiveCfg = Release|Any CPU
		{6FE8C16D-A2FA-42B5-9D07-7778F3C5C763}.Release|Any CPU.Build.0 = Release|Any CPU
		{9C2B257F-6564-49C1-A6A8-1CB88CB369D6}.Debug|Any CPU.ActiveCfg = Debug|Any CPU
		{9C2B257F-6564-49C1-A6A8-1CB88CB369D6}.Debug|Any CPU.Build.0 = Debug|Any CPU
		{9C2B257F-6564-49C1-A6A8-1CB88CB369D6}.Release|Any CPU.ActiveCfg = Release|Any CPU
		{9C2B257F-6564-49C1-A6A8-1CB88CB369D6}.Release|Any CPU.Build.0 = Release|Any CPU
	EndGlobalSection
	GlobalSection(SolutionProperties) = preSolution
		HideSolutionNode = FALSE
	EndGlobalSection
	GlobalSection(ExtensibilityGlobals) = postSolution
		SolutionGuid = {6C4F27EA-B4B7-4A42-B1BC-DFB97966C103}
	EndGlobalSection
EndGlobal
